
Microsoft Visual Studio Solution File, Format Version 12.00
# Visual Studio Version 17
VisualStudioVersion = 17.4.33213.308
MinimumVisualStudioVersion = 10.0.40219.1
Project("{FAE04EC0-301F-11D3-BF4B-00C04F79EFBC}") = "currency_changer", "currency_changer.csproj", "{62C02D04-D447-4110-AA5C-917C25E427D0}"
EndProject
Global
	GlobalSection(SolutionConfigurationPlatforms) = preSolution
		Debug|Any CPU = Debug|Any CPU
		Release|Any CPU = Release|Any CPU
	EndGlobalSection
	GlobalSection(ProjectConfigurationPlatforms) = postSolution
		{62C02D04-D447-4110-AA5C-917C25E427D0}.Debug|Any CPU.ActiveCfg = Debug|Any CPU
		{62C02D04-D447-4110-AA5C-917C25E427D0}.Debug|Any CPU.Build.0 = Debug|Any CPU
		{62C02D04-D447-4110-AA5C-917C25E427D0}.Release|Any CPU.ActiveCfg = Release|Any CPU
		{62C02D04-D447-4110-AA5C-917C25E427D0}.Release|Any CPU.Build.0 = Release|Any CPU
	EndGlobalSection
	GlobalSection(SolutionProperties) = preSolution
		HideSolutionNode = FALSE
	EndGlobalSection
	GlobalSection(ExtensibilityGlobals) = postSolution
		SolutionGuid = {FD716876-7D16-4AD3-A6F6-47407C84DA93}
	EndGlobalSection
EndGlobal
